
Microsoft Visual Studio Solution File, Format Version 12.00
# Visual Studio Version 16
VisualStudioVersion = 16.0.30611.23
MinimumVisualStudioVersion = 10.0.40219.1
Project("{9A19103F-16F7-4668-BE54-9A1E7A4F7556}") = "RealPromo.ApiWeb", "RealPromo.ApiWeb\RealPromo.ApiWeb.csproj", "{F7FD24D2-39D3-4566-B128-7CE351AB9683}"
EndProject
Project("{FAE04EC0-301F-11D3-BF4B-00C04F79EFBC}") = "RealPromo.Android", "RealPromo\RealPromo.Android\RealPromo.Android.csproj", "{C1EC16A6-A22C-4A36-8847-D9A21286F27F}"
EndProject
Project("{FAE04EC0-301F-11D3-BF4B-00C04F79EFBC}") = "RealPromo.iOS", "RealPromo\RealPromo.iOS\RealPromo.iOS.csproj", "{56CC748B-DAFC-4291-B754-82458F929726}"
EndProject
Project("{FAE04EC0-301F-11D3-BF4B-00C04F79EFBC}") = "RealPromo", "RealPromo\RealPromo\RealPromo.csproj", "{9285FDF6-B77C-4982-B6EA-EC0EB5A6AFC9}"
EndProject
Global
	GlobalSection(SolutionConfigurationPlatforms) = preSolution
		Debug|Any CPU = Debug|Any CPU
		Debug|iPhone = Debug|iPhone
		Debug|iPhoneSimulator = Debug|iPhoneSimulator
		Release|Any CPU = Release|Any CPU
		Release|iPhone = Release|iPhone
		Release|iPhoneSimulator = Release|iPhoneSimulator
	EndGlobalSection
	GlobalSection(ProjectConfigurationPlatforms) = postSolution
		{F7FD24D2-39D3-4566-B128-7CE351AB9683}.Debug|Any CPU.ActiveCfg = Debug|Any CPU
		{F7FD24D2-39D3-4566-B128-7CE351AB9683}.Debug|Any CPU.Build.0 = Debug|Any CPU
		{F7FD24D2-39D3-4566-B128-7CE351AB9683}.Debug|iPhone.ActiveCfg = Debug|Any CPU
		{F7FD24D2-39D3-4566-B128-7CE351AB9683}.Debug|iPhone.Build.0 = Debug|Any CPU
		{F7FD24D2-39D3-4566-B128-7CE351AB9683}.Debug|iPhoneSimulator.ActiveCfg = Debug|Any CPU
		{F7FD24D2-39D3-4566-B128-7CE351AB9683}.Debug|iPhoneSimulator.Build.0 = Debug|Any CPU
		{F7FD24D2-39D3-4566-B128-7CE351AB9683}.Release|Any CPU.ActiveCfg = Release|Any CPU
		{F7FD24D2-39D3-4566-B128-7CE351AB9683}.Release|Any CPU.Build.0 = Release|Any CPU
		{F7FD24D2-39D3-4566-B128-7CE351AB9683}.Release|iPhone.ActiveCfg = Release|Any CPU
		{F7FD24D2-39D3-4566-B128-7CE351AB9683}.Release|iPhone.Build.0 = Release|Any CPU
		{F7FD24D2-39D3-4566-B128-7CE351AB9683}.Release|iPhoneSimulator.ActiveCfg = Release|Any CPU
		{F7FD24D2-39D3-4566-B128-7CE351AB9683}.Release|iPhoneSimulator.Build.0 = Release|Any CPU
		{C1EC16A6-A22C-4A36-8847-D9A21286F27F}.Debug|Any CPU.ActiveCfg = Debug|Any CPU
		{C1EC16A6-A22C-4A36-8847-D9A21286F27F}.Debug|Any CPU.Build.0 = Debug|Any CPU
		{C1EC16A6-A22C-4A36-8847-D9A21286F27F}.Debug|Any CPU.Deploy.0 = Debug|Any CPU
		{C1EC16A6-A22C-4A36-8847-D9A21286F27F}.Debug|iPhone.ActiveCfg = Debug|Any CPU
		{C1EC16A6-A22C-4A36-8847-D9A21286F27F}.Debug|iPhone.Build.0 = Debug|Any CPU
		{C1EC16A6-A22C-4A36-8847-D9A21286F27F}.Debug|iPhone.Deploy.0 = Debug|Any CPU
		{C1EC16A6-A22C-4A36-8847-D9A21286F27F}.Debug|iPhoneSimulator.ActiveCfg = Debug|Any CPU
		{C1EC16A6-A22C-4A36-8847-D9A21286F27F}.Debug|iPhoneSimulator.Build.0 = Debug|Any CPU
		{C1EC16A6-A22C-4A36-8847-D9A21286F27F}.Debug|iPhoneSimulator.Deploy.0 = Debug|Any CPU
		{C1EC16A6-A22C-4A36-8847-D9A21286F27F}.Release|Any CPU.ActiveCfg = Release|Any CPU
		{C1EC16A6-A22C-4A36-8847-D9A21286F27F}.Release|Any CPU.Build.0 = Release|Any CPU
		{C1EC16A6-A22C-4A36-8847-D9A21286F27F}.Release|Any CPU.Deploy.0 = Release|Any CPU
		{C1EC16A6-A22C-4A36-8847-D9A21286F27F}.Release|iPhone.ActiveCfg = Release|Any CPU
		{C1EC16A6-A22C-4A36-8847-D9A21286F27F}.Release|iPhone.Build.0 = Release|Any CPU
		{C1EC16A6-A22C-4A36-8847-D9A21286F27F}.Release|iPhone.Deploy.0 = Release|Any CPU
		{C1EC16A6-A22C-4A36-8847-D9A21286F27F}.Release|iPhoneSimulator.ActiveCfg = Release|Any CPU
		{C1EC16A6-A22C-4A36-8847-D9A21286F27F}.Release|iPhoneSimulator.Build.0 = Release|Any CPU
		{C1EC16A6-A22C-4A36-8847-D9A21286F27F}.Release|iPhoneSimulator.Deploy.0 = Release|Any CPU
		{56CC748B-DAFC-4291-B754-82458F929726}.Debug|Any CPU.ActiveCfg = Debug|iPhoneSimulator
		{56CC748B-DAFC-4291-B754-82458F929726}.Debug|iPhone.ActiveCfg = Debug|iPhone
		{56CC748B-DAFC-4291-B754-82458F929726}.Debug|iPhone.Build.0 = Debug|iPhone
		{56CC748B-DAFC-4291-B754-82458F929726}.Debug|iPhoneSimulator.ActiveCfg = Debug|iPhoneSimulator
		{56CC748B-DAFC-4291-B754-82458F929726}.Debug|iPhoneSimulator.Build.0 = Debug|iPhoneSimulator
		{56CC748B-DAFC-4291-B754-82458F929726}.Release|Any CPU.ActiveCfg = Release|iPhoneSimulator
		{56CC748B-DAFC-4291-B754-82458F929726}.Release|iPhone.ActiveCfg = Release|iPhone
		{56CC748B-DAFC-4291-B754-82458F929726}.Release|iPhone.Build.0 = Release|iPhone
		{56CC748B-DAFC-4291-B754-82458F929726}.Release|iPhoneSimulator.ActiveCfg = Release|iPhoneSimulator
		{56CC748B-DAFC-4291-B754-82458F929726}.Release|iPhoneSimulator.Build.0 = Release|iPhoneSimulator
		{9285FDF6-B77C-4982-B6EA-EC0EB5A6AFC9}.Debug|Any CPU.ActiveCfg = Debug|Any CPU
		{9285FDF6-B77C-4982-B6EA-EC0EB5A6AFC9}.Debug|Any CPU.Build.0 = Debug|Any CPU
		{9285FDF6-B77C-4982-B6EA-EC0EB5A6AFC9}.Debug|iPhone.ActiveCfg = Debug|Any CPU
		{9285FDF6-B77C-4982-B6EA-EC0EB5A6AFC9}.Debug|iPhone.Build.0 = Debug|Any CPU
		{9285FDF6-B77C-4982-B6EA-EC0EB5A6AFC9}.Debug|iPhoneSimulator.ActiveCfg = Debug|Any CPU
		{9285FDF6-B77C-4982-B6EA-EC0EB5A6AFC9}.Debug|iPhoneSimulator.Build.0 = Debug|Any CPU
		{9285FDF6-B77C-4982-B6EA-EC0EB5A6AFC9}.Release|Any CPU.ActiveCfg = Release|Any CPU
		{9285FDF6-B77C-4982-B6EA-EC0EB5A6AFC9}.Release|Any CPU.Build.0 = Release|Any CPU
		{9285FDF6-B77C-4982-B6EA-EC0EB5A6AFC9}.Release|iPhone.ActiveCfg = Release|Any CPU
		{9285FDF6-B77C-4982-B6EA-EC0EB5A6AFC9}.Release|iPhone.Build.0 = Release|Any CPU
		{9285FDF6-B77C-4982-B6EA-EC0EB5A6AFC9}.Release|iPhoneSimulator.ActiveCfg = Release|Any CPU
		{9285FDF6-B77C-4982-B6EA-EC0EB5A6AFC9}.Release|iPhoneSimulator.Build.0 = Release|Any CPU
	EndGlobalSection
	GlobalSection(SolutionProperties) = preSolution
		HideSolutionNode = FALSE
	EndGlobalSection
	GlobalSection(ExtensibilityGlobals) = postSolution
		SolutionGuid = {E78DADEC-F6BE-44FF-B8FB-C10843222B29}
	EndGlobalSection
EndGlobal
